lockfileVersion: '9.0'

settings:
  autoInstallPeers: true
  excludeLinksFromLockfile: false

importers:

  .:
    dependencies:
      '@0xsequence/catapult':
        specifier: ^1.3.8
        version: 1.3.8
    devDependencies:
      lefthook:
        specifier: ^1.12.2
        version: 1.12.2

packages:

  '@0xsequence/catapult@1.3.8':
    resolution: {integrity: sha512-aDtIO2Z6qMMQGr3PT/BAEGCp+3nzCjAnj0NHa+2RokgWU/1QDPlbEBL6illKLX/+xu/E/joJOUGOUFbaOaxmUA==}
    engines: {node: '>=16.0.0'}
    hasBin: true

  '@adraffy/ens-normalize@1.10.1':
    resolution: {integrity: sha512-96Z2IP3mYmF1Xg2cDm8f1gWGf/HUVedQ3FMifV4kG/PQ4yEP51xDtRAEfhVNt5f/uzpNkZHwWQuUcu6D6K+Ekw==}

  '@adraffy/ens-normalize@1.11.0':
    resolution: {integrity: sha512-/3DDPKHqqIqxUULp8yP4zODUY1i+2xvVWsv8A79xGWdCAG+8sb0hRh0Rk2QyOJUnnbyPUAZYcpBuRe3nS2OIUg==}

  '@noble/ciphers@1.3.0':
    resolution: {integrity: sha512-2I0gnIVPtfnMw9ee9h1dJG7tp81+8Ob3OJb3Mv37rx5L40/b0i7djjCVvGOVqc9AEIQyvyu1i6ypKdFw8R8gQw==}
    engines: {node: ^14.21.3 || >=16}

  '@noble/curves@1.2.0':
    resolution: {integrity: sha512-oYclrNgRaM9SsBUBVbb8M6DTV7ZHRTKugureoYEncY5c65HOmRzvSiTE3y5CYaPYJA/GVkrhXEoF0M3Ya9PMnw==}

  '@noble/curves@1.9.6':
    resolution: {integrity: sha512-GIKz/j99FRthB8icyJQA51E8Uk5hXmdyThjgQXRKiv9h0zeRlzSCLIzFw6K1LotZ3XuB7yzlf76qk7uBmTdFqA==}
    engines: {node: ^14.21.3 || >=16}

  '@noble/hashes@1.3.2':
    resolution: {integrity: sha512-MVC8EAQp7MvEcm30KWENFjgR+Mkmf+D189XJTkFIlwohU5hcBbn1ZkKq7KVTi2Hme3PMGF390DaL52beVrIihQ==}
    engines: {node: '>= 16'}

  '@noble/hashes@1.8.0':
    resolution: {integrity: sha512-jCs9ldd7NwzpgXDIf6P3+NrHh9/sD6CQdxHyjQI+h/6rDNo88ypBxxz45UDuZHz9r3tNz7N/VInSVoVdtXEI4A==}
    engines: {node: ^14.21.3 || >=16}

  '@scure/base@1.2.6':
    resolution: {integrity: sha512-g/nm5FgUa//MCj1gV09zTJTaM6KBAHqLN907YVQqf7zC49+DcO4B1so4ZX07Ef10Twr6nuqYEH9GEggFXA4Fmg==}

  '@scure/bip32@1.7.0':
    resolution: {integrity: sha512-E4FFX/N3f4B80AKWp5dP6ow+flD1LQZo/w8UnLGYZO674jS6YnYeepycOOksv+vLPSpgN35wgKgy+ybfTb2SMw==}

  '@scure/bip39@1.6.0':
    resolution: {integrity: sha512-+lF0BbLiJNwVlev4eKelw1WWLaiKXw7sSl8T6FvBlWkdX+94aGJ4o8XjUdlyhTCjd8c+B3KT3JfS8P0bLRNU6A==}

  '@types/node@22.7.5':
    resolution: {integrity: sha512-jML7s2NAzMWc//QSJ1a3prpk78cOPchGvXJsC3C6R6PSMoooztvRVQEz89gmBTBY1SPMaqo5teB4uNHPdetShQ==}

  abitype@1.0.8:
    resolution: {integrity: sha512-ZeiI6h3GnW06uYDLx0etQtX/p8E24UaHHBj57RSjK7YBFe7iuVn07EDpOeP451D06sF27VOz9JJPlIKJmXgkEg==}
    peerDependencies:
      typescript: '>=5.0.4'
      zod: ^3 >=3.22.0
    peerDependenciesMeta:
      typescript:
        optional: true
      zod:
        optional: true

  aes-js@4.0.0-beta.5:
    resolution: {integrity: sha512-G965FqalsNyrPqgEGON7nIx1e/OVENSgiEIzyC63haUMuvNnwIgIjMs52hlTCKhkBny7A2ORNlfY9Zu+jmGk1Q==}

  ansi-styles@4.3.0:
    resolution: {integrity: sha512-zbB9rCJAT1rbjiVDb2hqKFHNYLxgtk8NURxZ3IZwD3F6NtxbXZQCnnSi1Lkx+IDohdPlFp222wVALIheZJQSEg==}
    engines: {node: '>=8'}

  chalk@4.1.2:
    resolution: {integrity: sha512-oKnbhFyRIXpUuez8iBMmyEa4nbj4IOQyuhc/wy9kY7/WVPcwIO9VA668Pu8RkO7+0G76SLROeyw9CpQ061i4mA==}
    engines: {node: '>=10'}

  color-convert@2.0.1:
    resolution: {integrity: sha512-RRECPsj7iu/xb5oKYcsFHSppFNnsj/52OVTRKb4zP5onXwVF3zVmmToNcOfGC+CRDpfK/U584fMg38ZHCaElKQ==}
    engines: {node: '>=7.0.0'}

  color-name@1.1.4:
    resolution: {integrity: sha512-dOy+3AuW3a2wNbZHIuMZpTcgjGuLU/uBL/ubcZF9OXbDo8ff4O8yVp5Bf0efS8uEoYo5q4Fx7dY9OgQGXgAsQA==}

  command-exists@1.2.9:
    resolution: {integrity: sha512-LTQ/SGc+s0Xc0Fu5WaKnR0YiygZkm9eKFvyS+fRsU7/ZWFF8ykFM6Pc9aCVf1+xasOOZpO3BAVgVrKvsqKHV7w==}

  commander@11.1.0:
    resolution: {integrity: sha512-yPVavfyCcRhmorC7rWlkHn15b4wDVgVmBA7kV4QVBsF7kv/9TKJAbAXVTxvTnwP8HHKjRCJDClKbciiYS7p0DQ==}
    engines: {node: '>=16'}

  commander@8.3.0:
    resolution: {integrity: sha512-OkTL9umf+He2DZkUq8f8J9of7yL6RJKI24dVITBmNfZBmri9zYZQrKkuXiKhyfPSu8tUhnVBB1iKXevvnlR4Ww==}
    engines: {node: '>= 12'}

  dotenv@16.6.1:
    resolution: {integrity: sha512-uBq4egWHTcTt33a72vpSG0z3HnPuIl6NqYcTrKEg2azoEyl2hpW0zqlxysq2pK9HlDIHyHyakeYaYnSAwd8bow==}
    engines: {node: '>=12'}

  ethers@6.15.0:
    resolution: {integrity: sha512-Kf/3ZW54L4UT0pZtsY/rf+EkBU7Qi5nnhonjUb8yTXcxH3cdcWrV2cRyk0Xk/4jK6OoHhxxZHriyhje20If2hQ==}
    engines: {node: '>=14.0.0'}

  eventemitter3@5.0.1:
    resolution: {integrity: sha512-GWkBvjiSZK87ELrYOSESUYeVIc9mvLLf/nXalMOS5dYrgZq9o5OVkbZAVM06CVxYsCwH9BDZFPlQTlPA1j4ahA==}

  follow-redirects@1.15.11:
    resolution: {integrity: sha512-deG2P0JfjrTxl50XGCDyfI97ZGVCxIpfKYmfyrQ54n5FO/0gfIES8C/Psl6kWVDolizcaaxZJnTS0QSMxvnsBQ==}
    engines: {node: '>=4.0'}
    peerDependencies:
      debug: '*'
    peerDependenciesMeta:
      debug:
        optional: true

  has-flag@4.0.0:
    resolution: {integrity: sha512-EykJT/Q1KjTWctppgIAgfSO0tKVuZUjhgMr17kqTumMl6Afv3EISleU7qZUzoXDFTAHTDC4NOoG/ZxU3EvlMPQ==}
    engines: {node: '>=8'}

  js-sha3@0.8.0:
    resolution: {integrity: sha512-gF1cRrHhIzNfToc802P800N8PpXS+evLLXfsVpowqmAFR9uwbi89WvXg2QspOmXL8QL86J4T1EpFu+yUkwJY3Q==}

  lefthook-darwin-arm64@1.12.2:
    resolution: {integrity: sha512-fTxeI9tEskrHjc3QyEO+AG7impBXY2Ed8V5aiRc3fw9POfYtVh9b5jRx90fjk2+ld5hf+Z1DsyyLq/vOHDFskQ==}
    cpu: [arm64]
    os: [darwin]

  lefthook-darwin-x64@1.12.2:
    resolution: {integrity: sha512-T1dCDKAAfdHgYZ8qtrS02SJSHoR52RFcrGArFNll9Mu4ZSV19Sp8BO+kTwDUOcLYdcPGNaqOp9PkRBQGZWQC7g==}
    cpu: [x64]
    os: [darwin]

  lefthook-freebsd-arm64@1.12.2:
    resolution: {integrity: sha512-2n9z7Q4BKeMBoB9cuEdv0UBQH82Z4GgBQpCrfjCtyzpDnYQwrH8Tkrlnlko4qPh9MM6nLLGIYMKsA5nltzo8Cg==}
    cpu: [arm64]
    os: [freebsd]

  lefthook-freebsd-x64@1.12.2:
    resolution: {integrity: sha512-1hNY/irY+/3kjRzKoJYxG+m3BYI8QxopJUK1PQnknGo1Wy5u302SdX+tR7pnpz6JM5chrNw4ozSbKKOvdZ5VEw==}
    cpu: [x64]
    os: [freebsd]

  lefthook-linux-arm64@1.12.2:
    resolution: {integrity: sha512-1W4swYIVRkxq/LFTuuK4oVpd6NtTKY4E3VY2Uq2JDkIOJV46+8qGBF+C/QA9K3O9chLffgN7c+i+NhIuGiZ/Vw==}
    cpu: [arm64]
    os: [linux]

  lefthook-linux-x64@1.12.2:
    resolution: {integrity: sha512-J6VGuMfhq5iCsg1Pv7xULbuXC63gP5LaikT0PhkyBNMi3HQneZFDJ8k/sp0Ue9HkQv6QfWIo3/FgB9gz38MCFw==}
    cpu: [x64]
    os: [linux]

  lefthook-openbsd-arm64@1.12.2:
    resolution: {integrity: sha512-wncDRW3ml24DaOyH22KINumjvCohswbQqbxyH2GORRCykSnE859cTjOrRIchTKBIARF7PSeGPUtS7EK0+oDbaw==}
    cpu: [arm64]
    os: [openbsd]

  lefthook-openbsd-x64@1.12.2:
    resolution: {integrity: sha512-2jDOkCHNnc/oK/vR62hAf3vZb1EQ6Md2GjIlgZ/V7A3ztOsM8QZ5IxwYN3D1UOIR5ZnwMBy7PtmTJC/HJrig5w==}
    cpu: [x64]
    os: [openbsd]

  lefthook-windows-arm64@1.12.2:
    resolution: {integrity: sha512-ZMH/q6UNSidhHEG/1QoqIl1n4yPTBWuVmKx5bONtKHicoz4QCQ+QEiNjKsG5OO4C62nfyHGThmweCzZVUQECJw==}
    cpu: [arm64]
    os: [win32]

  lefthook-windows-x64@1.12.2:
    resolution: {integrity: sha512-TqT2jIPcTQ9uwaw+v+DTmvnUHM/p7bbsSrPoPX+fRXSGLzFjyiY+12C9dObSwfCQq6rT70xqQJ9AmftJQsa5/Q==}
    cpu: [x64]
    os: [win32]

  lefthook@1.12.2:
    resolution: {integrity: sha512-2CeTu5NcmoT9YnqsHTq/TF36MlqlzHzhivGx3DrXHwcff4TdvrkIwUTA56huM3Nlo5ODAF/0hlPzaKLmNHCBnQ==}
    hasBin: true

  memorystream@0.3.1:
    resolution: {integrity: sha512-S3UwM3yj5mtUSEfP41UZmt/0SCoVYUcU1rkXv+BQ5Ig8ndL4sPoJNBUJERafdPb5jjHJGuMgytgKvKIf58XNBw==}
    engines: {node: '>= 0.10.0'}

  os-tmpdir@1.0.2:
    resolution: {integrity: sha512-D2FR03Vir7FIu45XBY20mTb+/ZSWB00sjU9jdQXt83gDrI4Ztz5Fs7/yy74g2N5SVQY4xY1qDr4rNddwYRVX0g==}
    engines: {node: '>=0.10.0'}

  ox@0.8.7:
    resolution: {integrity: sha512-W1f0FiMf9NZqtHPEDEAEkyzZDwbIKfmH2qmQx8NNiQ/9JhxrSblmtLJsSfTtQG5YKowLOnBlLVguCyxm/7ztxw==}
    peerDependencies:
      typescript: '>=5.4.0'
    peerDependenciesMeta:
      typescript:
        optional: true

  semver@5.7.2:
    resolution: {integrity: sha512-cBznnQ9KjJqU67B52RMC65CMarK2600WFnbkcaiwWq3xy/5haFJlshgnpjovMVJ+Hff49d8GEn0b87C5pDQ10g==}
    hasBin: true

  solc@0.8.30:
    resolution: {integrity: sha512-9Srk/gndtBmoUbg4CE6ypAzPQlElv8ntbnl6SigUBAzgXKn35v87sj04uZeoZWjtDkdzT0qKFcIo/wl63UMxdw==}
    engines: {node: '>=12.0.0'}
    hasBin: true

  supports-color@7.2.0:
    resolution: {integrity: sha512-qpCAvRl9stuOHveKsn7HncJRvv501qIacKzQlO/+Lwxc9+0q2wLyv4Dfvt80/DPn2pqOBsJdDiogXGR9+OvwRw==}
    engines: {node: '>=8'}

  tmp@0.0.33:
    resolution: {integrity: sha512-jRCJlojKnZ3addtTOjdIqoRuPEKBvNXcGYqzO6zWZX8KfKEpnGY5jfggJQ3EjKuu8D4bJRr0y+cYJFmYbImXGw==}
    engines: {node: '>=0.6.0'}

  tslib@2.7.0:
    resolution: {integrity: sha512-gLXCKdN1/j47AiHiOkJN69hJmcbGTHI0ImLmbYLHykhgeN0jVGola9yVjFgzCUklsZQMW55o+dW7IXv3RCXDzA==}

  undici-types@6.19.8:
    resolution: {integrity: sha512-ve2KP6f/JnbPBFyobGHuerC9g1FYGn/F8n1LWTwNxCEzd6IfqTwUQcNXgEtmmQ6DlRrC1hrSrBnCZPokRrDHjw==}

  ws@8.17.1:
    resolution: {integrity: sha512-6XQFvXTkbfUOZOKKILFG1PDK2NDQs4azKQl26T0YS5CxqWLgXajbPZ+h4gZekJyRqFU8pvnbAbbs/3TgRPy+GQ==}
    engines: {node: '>=10.0.0'}
    peerDependencies:
      bufferutil: ^4.0.1
      utf-8-validate: '>=5.0.2'
    peerDependenciesMeta:
      bufferutil:
        optional: true
      utf-8-validate:
        optional: true

  yaml@2.8.1:
    resolution: {integrity: sha512-lcYcMxX2PO9XMGvAJkJ3OsNMw+/7FKes7/hgerGUYWIoWu5j/+YQqcZr5JnPZWzOsEBgMbSbiSTn/dv/69Mkpw==}
    engines: {node: '>= 14.6'}
    hasBin: true

snapshots:

  '@0xsequence/catapult@1.3.8':
    dependencies:
      chalk: 4.1.2
      commander: 11.1.0
      dotenv: 16.6.1
      ethers: 6.15.0
      ox: 0.8.7
      solc: 0.8.30
      yaml: 2.8.1
    transitivePeerDependencies:
      - bufferutil
      - debug
      - typescript
      - utf-8-validate
      - zod

  '@adraffy/ens-normalize@1.10.1': {}

  '@adraffy/ens-normalize@1.11.0': {}

  '@noble/ciphers@1.3.0': {}

  '@noble/curves@1.2.0':
    dependencies:
      '@noble/hashes': 1.3.2

  '@noble/curves@1.9.6':
    dependencies:
      '@noble/hashes': 1.8.0

  '@noble/hashes@1.3.2': {}

  '@noble/hashes@1.8.0': {}

  '@scure/base@1.2.6': {}

  '@scure/bip32@1.7.0':
    dependencies:
      '@noble/curves': 1.9.6
      '@noble/hashes': 1.8.0
      '@scure/base': 1.2.6

  '@scure/bip39@1.6.0':
    dependencies:
      '@noble/hashes': 1.8.0
      '@scure/base': 1.2.6

  '@types/node@22.7.5':
    dependencies:
      undici-types: 6.19.8

  abitype@1.0.8: {}

  aes-js@4.0.0-beta.5: {}

  ansi-styles@4.3.0:
    dependencies:
      color-convert: 2.0.1

  chalk@4.1.2:
    dependencies:
      ansi-styles: 4.3.0
      supports-color: 7.2.0

  color-convert@2.0.1:
    dependencies:
      color-name: 1.1.4

  color-name@1.1.4: {}

  command-exists@1.2.9: {}

  commander@11.1.0: {}

  commander@8.3.0: {}

  dotenv@16.6.1: {}

  ethers@6.15.0:
    dependencies:
      '@adraffy/ens-normalize': 1.10.1
      '@noble/curves': 1.2.0
      '@noble/hashes': 1.3.2
      '@types/node': 22.7.5
      aes-js: 4.0.0-beta.5
      tslib: 2.7.0
      ws: 8.17.1
    transitivePeerDependencies:
      - bufferutil
      - utf-8-validate

  eventemitter3@5.0.1: {}

  follow-redirects@1.15.11: {}

  has-flag@4.0.0: {}

  js-sha3@0.8.0: {}

  lefthook-darwin-arm64@1.12.2:
    optional: true

  lefthook-darwin-x64@1.12.2:
    optional: true

  lefthook-freebsd-arm64@1.12.2:
    optional: true

  lefthook-freebsd-x64@1.12.2:
    optional: true

  lefthook-linux-arm64@1.12.2:
    optional: true

  lefthook-linux-x64@1.12.2:
    optional: true

  lefthook-openbsd-arm64@1.12.2:
    optional: true

  lefthook-openbsd-x64@1.12.2:
    optional: true

  lefthook-windows-arm64@1.12.2:
    optional: true

  lefthook-windows-x64@1.12.2:
    optional: true

  lefthook@1.12.2:
    optionalDependencies:
      lefthook-darwin-arm64: 1.12.2
      lefthook-darwin-x64: 1.12.2
      lefthook-freebsd-arm64: 1.12.2
      lefthook-freebsd-x64: 1.12.2
      lefthook-linux-arm64: 1.12.2
      lefthook-linux-x64: 1.12.2
      lefthook-openbsd-arm64: 1.12.2
      lefthook-openbsd-x64: 1.12.2
      lefthook-windows-arm64: 1.12.2
      lefthook-windows-x64: 1.12.2

  memorystream@0.3.1: {}

  os-tmpdir@1.0.2: {}

  ox@0.8.7:
    dependencies:
      '@adraffy/ens-normalize': 1.11.0
      '@noble/ciphers': 1.3.0
      '@noble/curves': 1.9.6
      '@noble/hashes': 1.8.0
      '@scure/bip32': 1.7.0
      '@scure/bip39': 1.6.0
      abitype: 1.0.8
      eventemitter3: 5.0.1
    transitivePeerDependencies:
      - zod

  semver@5.7.2: {}

  solc@0.8.30:
    dependencies:
      command-exists: 1.2.9
      commander: 8.3.0
      follow-redirects: 1.15.11
      js-sha3: 0.8.0
      memorystream: 0.3.1
      semver: 5.7.2
      tmp: 0.0.33
    transitivePeerDependencies:
      - debug

  supports-color@7.2.0:
    dependencies:
      has-flag: 4.0.0

  tmp@0.0.33:
    dependencies:
      os-tmpdir: 1.0.2

  tslib@2.7.0: {}

  undici-types@6.19.8: {}

  ws@8.17.1: {}

  yaml@2.8.1: {}
